{
  "name": "web3-contracts",
  "lockfileVersion": 3,
  "requires": true,
  "packages": {
    "": {
      "dependencies": {
        "openzeppelin-solidity": "^4.3.2",
        "solmate": "^6.7.0"
      }
    },
    "node_modules/openzeppelin-solidity": {
      "version": "4.8.1",
      "resolved": "https://registry.npmjs.org/openzeppelin-solidity/-/openzeppelin-solidity-4.8.1.tgz",
      "integrity": "sha512-KM0pVpfrCBdifqN2ZeJZFvFuoGz3GmI4Ty/ceKNkcaf7VVWo/rLOfc5EiLh+Ukb5NadNmYo8WMeGhFA8hVWDpg==",
      "bin": {
        "openzeppelin-contracts-migrate-imports": "scripts/migrate-imports.js"
      }
    },
    "node_modules/solmate": {
      "version": "6.7.0",
      "resolved": "https://registry.npmjs.org/solmate/-/solmate-6.7.0.tgz",
      "integrity": "sha512-iMPr+gKbKjXBB12a+Iz5Tua5r7T4yugHaGXDWSJbBZB4Gr3vLeUUvKeLyMxCWWqk1xlLhFDFFuAmOzeyVBuyvQ=="
    }
  }
}
